
Microsoft Visual Studio Solution File, Format Version 12.00
# Visual Studio Version 16
VisualStudioVersion = 25.0.1706.14
MinimumVisualStudioVersion = 10.0.40219.1
Project("{FAE04EC0-301F-11D3-BF4B-00C04F79EFBC}") = "FilmFinder-Acharya", "FilmFinder-Acharya.csproj", "{7CAE6A0C-4D01-4A59-99F9-103EA7B05AB4}"
EndProject
Global
	GlobalSection(SolutionConfigurationPlatforms) = preSolution
		Debug|Any CPU = Debug|Any CPU
		Release|Any CPU = Release|Any CPU
	EndGlobalSection
	GlobalSection(ProjectConfigurationPlatforms) = postSolution
		{7CAE6A0C-4D01-4A59-99F9-103EA7B05AB4}.Debug|Any CPU.ActiveCfg = Debug|Any CPU
		{7CAE6A0C-4D01-4A59-99F9-103EA7B05AB4}.Debug|Any CPU.Build.0 = Debug|Any CPU
		{7CAE6A0C-4D01-4A59-99F9-103EA7B05AB4}.Release|Any CPU.ActiveCfg = Release|Any CPU
		{7CAE6A0C-4D01-4A59-99F9-103EA7B05AB4}.Release|Any CPU.Build.0 = Release|Any CPU
	EndGlobalSection
	GlobalSection(SolutionProperties) = preSolution
		HideSolutionNode = FALSE
	EndGlobalSection
	GlobalSection(ExtensibilityGlobals) = postSolution
		SolutionGuid = {AC5BB9D0-2C18-4BBE-A1EB-F6DC4A5EE44C}
	EndGlobalSection
EndGlobal
